
Microsoft Visual Studio Solution File, Format Version 12.00
# Visual Studio Version 16
VisualStudioVersion = 16.0.31605.320
MinimumVisualStudioVersion = 10.0.40219.1
Project("{FAE04EC0-301F-11D3-BF4B-00C04F79EFBC}") = "JWT", "JWT.csproj", "{AC199975-5007-4085-890B-6F3807B9BAB0}"
EndProject
Global
	GlobalSection(SolutionConfigurationPlatforms) = preSolution
		Debug|Any CPU = Debug|Any CPU
		Release|Any CPU = Release|Any CPU
	EndGlobalSection
	GlobalSection(ProjectConfigurationPlatforms) = postSolution
		{AC199975-5007-4085-890B-6F3807B9BAB0}.Debug|Any CPU.ActiveCfg = Debug|Any CPU
		{AC199975-5007-4085-890B-6F3807B9BAB0}.Debug|Any CPU.Build.0 = Debug|Any CPU
		{AC199975-5007-4085-890B-6F3807B9BAB0}.Release|Any CPU.ActiveCfg = Release|Any CPU
		{AC199975-5007-4085-890B-6F3807B9BAB0}.Release|Any CPU.Build.0 = Release|Any CPU
	EndGlobalSection
	GlobalSection(SolutionProperties) = preSolution
		HideSolutionNode = FALSE
	EndGlobalSection
	GlobalSection(ExtensibilityGlobals) = postSolution
		SolutionGuid = {7EB56B54-5E2F-4AF9-9332-3D2F1F1DD322}
	EndGlobalSection
EndGlobal
